
Microsoft Visual Studio Solution File, Format Version 12.00
# Visual Studio Version 17
VisualStudioVersion = 17.8.34511.84
MinimumVisualStudioVersion = 10.0.40219.1
Project("{FAE04EC0-301F-11D3-BF4B-00C04F79EFBC}") = "IP.Faturamento", "IP.Faturamento.csproj", "{B1D1C602-4402-41A5-80A4-1F3655DA15EF}"
EndProject
Global
	GlobalSection(SolutionConfigurationPlatforms) = preSolution
		Debug|Any CPU = Debug|Any CPU
		Release|Any CPU = Release|Any CPU
	EndGlobalSection
	GlobalSection(ProjectConfigurationPlatforms) = postSolution
		{B1D1C602-4402-41A5-80A4-1F3655DA15EF}.Debug|Any CPU.ActiveCfg = Debug|Any CPU
		{B1D1C602-4402-41A5-80A4-1F3655DA15EF}.Debug|Any CPU.Build.0 = Debug|Any CPU
		{B1D1C602-4402-41A5-80A4-1F3655DA15EF}.Release|Any CPU.ActiveCfg = Release|Any CPU
		{B1D1C602-4402-41A5-80A4-1F3655DA15EF}.Release|Any CPU.Build.0 = Release|Any CPU
	EndGlobalSection
	GlobalSection(SolutionProperties) = preSolution
		HideSolutionNode = FALSE
	EndGlobalSection
	GlobalSection(ExtensibilityGlobals) = postSolution
		SolutionGuid = {2F258581-49AB-4CBD-A633-193ECCDA46E5}
	EndGlobalSection
EndGlobal
