
Microsoft Visual Studio Solution File, Format Version 12.00
# Visual Studio Version 17
VisualStudioVersion = 17.8.34511.84
MinimumVisualStudioVersion = 10.0.40219.1
Project("{FAE04EC0-301F-11D3-BF4B-00C04F79EFBC}") = "IP.Assistencial", "IP.Assistencial.csproj", "{850CEAC8-717E-43B0-9A18-3AE3A950D41B}"
EndProject
Global
	GlobalSection(SolutionConfigurationPlatforms) = preSolution
		Debug|Any CPU = Debug|Any CPU
		Release|Any CPU = Release|Any CPU
	EndGlobalSection
	GlobalSection(ProjectConfigurationPlatforms) = postSolution
		{850CEAC8-717E-43B0-9A18-3AE3A950D41B}.Debug|Any CPU.ActiveCfg = Debug|Any CPU
		{850CEAC8-717E-43B0-9A18-3AE3A950D41B}.Debug|Any CPU.Build.0 = Debug|Any CPU
		{850CEAC8-717E-43B0-9A18-3AE3A950D41B}.Release|Any CPU.ActiveCfg = Release|Any CPU
		{850CEAC8-717E-43B0-9A18-3AE3A950D41B}.Release|Any CPU.Build.0 = Release|Any CPU
	EndGlobalSection
	GlobalSection(SolutionProperties) = preSolution
		HideSolutionNode = FALSE
	EndGlobalSection
	GlobalSection(ExtensibilityGlobals) = postSolution
		SolutionGuid = {E01C4511-F120-4EA8-8702-76A7084769FA}
	EndGlobalSection
EndGlobal
