
Microsoft Visual Studio Solution File, Format Version 12.00
# Visual Studio Version 17
VisualStudioVersion = 17.8.34511.84
MinimumVisualStudioVersion = 10.0.40219.1
Project("{FAE04EC0-301F-11D3-BF4B-00C04F79EFBC}") = "IP.Gateway", "IP.Gateway.csproj", "{17BBE192-27F6-4827-850A-009EB2C489F7}"
EndProject
Global
	GlobalSection(SolutionConfigurationPlatforms) = preSolution
		Debug|Any CPU = Debug|Any CPU
		Release|Any CPU = Release|Any CPU
	EndGlobalSection
	GlobalSection(ProjectConfigurationPlatforms) = postSolution
		{17BBE192-27F6-4827-850A-009EB2C489F7}.Debug|Any CPU.ActiveCfg = Debug|Any CPU
		{17BBE192-27F6-4827-850A-009EB2C489F7}.Debug|Any CPU.Build.0 = Debug|Any CPU
		{17BBE192-27F6-4827-850A-009EB2C489F7}.Release|Any CPU.ActiveCfg = Release|Any CPU
		{17BBE192-27F6-4827-850A-009EB2C489F7}.Release|Any CPU.Build.0 = Release|Any CPU
	EndGlobalSection
	GlobalSection(SolutionProperties) = preSolution
		HideSolutionNode = FALSE
	EndGlobalSection
	GlobalSection(ExtensibilityGlobals) = postSolution
		SolutionGuid = {DECD8DC2-D4DD-45C4-BF88-85A0AC2B072B}
	EndGlobalSection
EndGlobal
