
Microsoft Visual Studio Solution File, Format Version 12.00
# Visual Studio Version 17
VisualStudioVersion = 17.8.34511.84
MinimumVisualStudioVersion = 10.0.40219.1
Project("{FAE04EC0-301F-11D3-BF4B-00C04F79EFBC}") = "IP.Agendamento", "IP.Agendamento.csproj", "{EB554F3D-E16A-46DD-82A4-19C377179B95}"
EndProject
Global
	GlobalSection(SolutionConfigurationPlatforms) = preSolution
		Debug|Any CPU = Debug|Any CPU
		Release|Any CPU = Release|Any CPU
	EndGlobalSection
	GlobalSection(ProjectConfigurationPlatforms) = postSolution
		{EB554F3D-E16A-46DD-82A4-19C377179B95}.Debug|Any CPU.ActiveCfg = Debug|Any CPU
		{EB554F3D-E16A-46DD-82A4-19C377179B95}.Debug|Any CPU.Build.0 = Debug|Any CPU
		{EB554F3D-E16A-46DD-82A4-19C377179B95}.Release|Any CPU.ActiveCfg = Release|Any CPU
		{EB554F3D-E16A-46DD-82A4-19C377179B95}.Release|Any CPU.Build.0 = Release|Any CPU
	EndGlobalSection
	GlobalSection(SolutionProperties) = preSolution
		HideSolutionNode = FALSE
	EndGlobalSection
	GlobalSection(ExtensibilityGlobals) = postSolution
		SolutionGuid = {2A463EB4-A646-4BD8-8E1E-0854C309041A}
	EndGlobalSection
EndGlobal
